
Microsoft Visual Studio Solution File, Format Version 11.00
# Visual Studio 2010
Project("{FAE04EC0-301F-11D3-BF4B-00C04F79EFBC}") = "WineMVVM.Background", "WineMVVM\WineMVVM.Background.csproj", "{098059F9-1AD7-4F51-B667-D3EF90A51263}"
EndProject
Project("{FAE04EC0-301F-11D3-BF4B-00C04F79EFBC}") = "ServiceDataLib", "ServiceDataLib\ServiceDataLib.csproj", "{DF9A4370-74D1-45D5-B959-BAF9D0875849}"
EndProject
Project("{2150E333-8FDC-42A3-9474-1A3956D46DE8}") = "Remote Data Resources", "Remote Data Resources", "{927E19F0-0001-4419-9DAA-E2EB666F5846}"
EndProject
Project("{2150E333-8FDC-42A3-9474-1A3956D46DE8}") = "Wine_Client", "Wine_Client", "{485CF78D-BF06-4DFC-9D81-1ED56C99E748}"
EndProject
Project("{2150E333-8FDC-42A3-9474-1A3956D46DE8}") = "Database", "Database", "{43E4EC34-23A2-4A6C-8989-0EAA4996B3FB}"
EndProject
Project("{2150E333-8FDC-42A3-9474-1A3956D46DE8}") = "WineDomainLogic", "WineDomainLogic", "{3B6E95F0-6731-4C7C-B6FE-2EA7E623C9B3}"
EndProject
Project("{FAE04EC0-301F-11D3-BF4B-00C04F79EFBC}") = "WineDataDomain", "WineDataDomain\WineDataDomain.csproj", "{A4895ACE-46CA-4493-84EB-D635CC6D73BF}"
EndProject
Project("{FAE04EC0-301F-11D3-BF4B-00C04F79EFBC}") = "PORTAPP", "PORTAPP\PORTAPP.csproj", "{4B7A1111-DDA4-4367-A575-01BD8D02C2D4}"
EndProject
Project("{2150E333-8FDC-42A3-9474-1A3956D46DE8}") = "StartUp", "StartUp", "{154028C6-0F42-4EC7-A965-7134106982B6}"
EndProject
Project("{8BC9CEB8-8B4A-11D0-8D11-00A0C91BC942}") = "SplashScreenStarter", "SplashScreen\SplashScreenStarter.vcxproj", "{FB82AC4B-D54B-4205-A72F-272017308A78}"
EndProject
Project("{2150E333-8FDC-42A3-9474-1A3956D46DE8}") = "Solution Items", "Solution Items", "{2200447D-66CA-4AB8-80F2-361302AC02D1}"
	ProjectSection(SolutionItems) = preProject
		Performance1.psess = Performance1.psess
	EndProjectSection
EndProject
Project("{FAE04EC0-301F-11D3-BF4B-00C04F79EFBC}") = "Wine.com", "Wine.com\Wine.com.csproj", "{063E3991-E994-437D-AD16-597A02A17788}"
EndProject
Project("{FAE04EC0-301F-11D3-BF4B-00C04F79EFBC}") = "WineApiTest", "WineApiTest\WineApiTest.csproj", "{BE09CBD9-DB40-4B36-817B-BC6C8CFE3B12}"
EndProject
Project("{FAE04EC0-301F-11D3-BF4B-00C04F79EFBC}") = "SearchBarControl", "SearchBarControl\SearchBarControl.csproj", "{4664416F-E74C-467A-A175-F9DB5FA82302}"
EndProject
Project("{FAE04EC0-301F-11D3-BF4B-00C04F79EFBC}") = "MapRepository", "MapRepository\MapRepository.csproj", "{64D458D9-AB28-4BB1-B12C-93F19976E52E}"
EndProject
Global
	GlobalSection(SolutionConfigurationPlatforms) = preSolution
		Debug|Any CPU = Debug|Any CPU
		Debug|Mixed Platforms = Debug|Mixed Platforms
		Debug|Win32 = Debug|Win32
		Debug|x86 = Debug|x86
		Release|Any CPU = Release|Any CPU
		Release|Mixed Platforms = Release|Mixed Platforms
		Release|Win32 = Release|Win32
		Release|x86 = Release|x86
	EndGlobalSection
	GlobalSection(ProjectConfigurationPlatforms) = postSolution
		{098059F9-1AD7-4F51-B667-D3EF90A51263}.Debug|Any CPU.ActiveCfg = Debug|Any CPU
		{098059F9-1AD7-4F51-B667-D3EF90A51263}.Debug|Any CPU.Build.0 = Debug|Any CPU
		{098059F9-1AD7-4F51-B667-D3EF90A51263}.Debug|Mixed Platforms.ActiveCfg = Debug|Any CPU
		{098059F9-1AD7-4F51-B667-D3EF90A51263}.Debug|Mixed Platforms.Build.0 = Debug|Any CPU
		{098059F9-1AD7-4F51-B667-D3EF90A51263}.Debug|Win32.ActiveCfg = Debug|Any CPU
		{098059F9-1AD7-4F51-B667-D3EF90A51263}.Debug|x86.ActiveCfg = Debug|Any CPU
		{098059F9-1AD7-4F51-B667-D3EF90A51263}.Release|Any CPU.ActiveCfg = Release|Any CPU
		{098059F9-1AD7-4F51-B667-D3EF90A51263}.Release|Any CPU.Build.0 = Release|Any CPU
		{098059F9-1AD7-4F51-B667-D3EF90A51263}.Release|Mixed Platforms.ActiveCfg = Release|Any CPU
		{098059F9-1AD7-4F51-B667-D3EF90A51263}.Release|Mixed Platforms.Build.0 = Release|Any CPU
		{098059F9-1AD7-4F51-B667-D3EF90A51263}.Release|Win32.ActiveCfg = Release|Any CPU
		{098059F9-1AD7-4F51-B667-D3EF90A51263}.Release|x86.ActiveCfg = Release|Any CPU
		{DF9A4370-74D1-45D5-B959-BAF9D0875849}.Debug|Any CPU.ActiveCfg = Debug|Any CPU
		{DF9A4370-74D1-45D5-B959-BAF9D0875849}.Debug|Any CPU.Build.0 = Debug|Any CPU
		{DF9A4370-74D1-45D5-B959-BAF9D0875849}.Debug|Mixed Platforms.ActiveCfg = Debug|Any CPU
		{DF9A4370-74D1-45D5-B959-BAF9D0875849}.Debug|Mixed Platforms.Build.0 = Debug|Any CPU
		{DF9A4370-74D1-45D5-B959-BAF9D0875849}.Debug|Win32.ActiveCfg = Debug|Any CPU
		{DF9A4370-74D1-45D5-B959-BAF9D0875849}.Debug|x86.ActiveCfg = Debug|Any CPU
		{DF9A4370-74D1-45D5-B959-BAF9D0875849}.Release|Any CPU.ActiveCfg = Release|Any CPU
		{DF9A4370-74D1-45D5-B959-BAF9D0875849}.Release|Any CPU.Build.0 = Release|Any CPU
		{DF9A4370-74D1-45D5-B959-BAF9D0875849}.Release|Mixed Platforms.ActiveCfg = Release|Any CPU
		{DF9A4370-74D1-45D5-B959-BAF9D0875849}.Release|Mixed Platforms.Build.0 = Release|Any CPU
		{DF9A4370-74D1-45D5-B959-BAF9D0875849}.Release|Win32.ActiveCfg = Release|Any CPU
		{DF9A4370-74D1-45D5-B959-BAF9D0875849}.Release|x86.ActiveCfg = Release|Any CPU
		{A4895ACE-46CA-4493-84EB-D635CC6D73BF}.Debug|Any CPU.ActiveCfg = Debug|Any CPU
		{A4895ACE-46CA-4493-84EB-D635CC6D73BF}.Debug|Any CPU.Build.0 = Debug|Any CPU
		{A4895ACE-46CA-4493-84EB-D635CC6D73BF}.Debug|Mixed Platforms.ActiveCfg = Debug|Any CPU
		{A4895ACE-46CA-4493-84EB-D635CC6D73BF}.Debug|Mixed Platforms.Build.0 = Debug|Any CPU
		{A4895ACE-46CA-4493-84EB-D635CC6D73BF}.Debug|Win32.ActiveCfg = Debug|Any CPU
		{A4895ACE-46CA-4493-84EB-D635CC6D73BF}.Debug|x86.ActiveCfg = Debug|Any CPU
		{A4895ACE-46CA-4493-84EB-D635CC6D73BF}.Release|Any CPU.ActiveCfg = Release|Any CPU
		{A4895ACE-46CA-4493-84EB-D635CC6D73BF}.Release|Any CPU.Build.0 = Release|Any CPU
		{A4895ACE-46CA-4493-84EB-D635CC6D73BF}.Release|Mixed Platforms.ActiveCfg = Release|Any CPU
		{A4895ACE-46CA-4493-84EB-D635CC6D73BF}.Release|Mixed Platforms.Build.0 = Release|Any CPU
		{A4895ACE-46CA-4493-84EB-D635CC6D73BF}.Release|Win32.ActiveCfg = Release|Any CPU
		{A4895ACE-46CA-4493-84EB-D635CC6D73BF}.Release|x86.ActiveCfg = Release|Any CPU
		{4B7A1111-DDA4-4367-A575-01BD8D02C2D4}.Debug|Any CPU.ActiveCfg = Debug|Any CPU
		{4B7A1111-DDA4-4367-A575-01BD8D02C2D4}.Debug|Any CPU.Build.0 = Debug|Any CPU
		{4B7A1111-DDA4-4367-A575-01BD8D02C2D4}.Debug|Mixed Platforms.ActiveCfg = Debug|Any CPU
		{4B7A1111-DDA4-4367-A575-01BD8D02C2D4}.Debug|Mixed Platforms.Build.0 = Debug|Any CPU
		{4B7A1111-DDA4-4367-A575-01BD8D02C2D4}.Debug|Win32.ActiveCfg = Debug|Any CPU
		{4B7A1111-DDA4-4367-A575-01BD8D02C2D4}.Debug|x86.ActiveCfg = Debug|x86
		{4B7A1111-DDA4-4367-A575-01BD8D02C2D4}.Debug|x86.Build.0 = Debug|x86
		{4B7A1111-DDA4-4367-A575-01BD8D02C2D4}.Release|Any CPU.ActiveCfg = Release|Any CPU
		{4B7A1111-DDA4-4367-A575-01BD8D02C2D4}.Release|Any CPU.Build.0 = Release|Any CPU
		{4B7A1111-DDA4-4367-A575-01BD8D02C2D4}.Release|Mixed Platforms.ActiveCfg = Release|Any CPU
		{4B7A1111-DDA4-4367-A575-01BD8D02C2D4}.Release|Mixed Platforms.Build.0 = Release|Any CPU
		{4B7A1111-DDA4-4367-A575-01BD8D02C2D4}.Release|Win32.ActiveCfg = Release|Any CPU
		{4B7A1111-DDA4-4367-A575-01BD8D02C2D4}.Release|x86.ActiveCfg = Release|x86
		{4B7A1111-DDA4-4367-A575-01BD8D02C2D4}.Release|x86.Build.0 = Release|x86
		{FB82AC4B-D54B-4205-A72F-272017308A78}.Debug|Any CPU.ActiveCfg = Debug|Win32
		{FB82AC4B-D54B-4205-A72F-272017308A78}.Debug|Mixed Platforms.ActiveCfg = Debug|Win32
		{FB82AC4B-D54B-4205-A72F-272017308A78}.Debug|Mixed Platforms.Build.0 = Debug|Win32
		{FB82AC4B-D54B-4205-A72F-272017308A78}.Debug|Win32.ActiveCfg = Debug|Win32
		{FB82AC4B-D54B-4205-A72F-272017308A78}.Debug|Win32.Build.0 = Debug|Win32
		{FB82AC4B-D54B-4205-A72F-272017308A78}.Debug|x86.ActiveCfg = Debug|Win32
		{FB82AC4B-D54B-4205-A72F-272017308A78}.Release|Any CPU.ActiveCfg = Release|Win32
		{FB82AC4B-D54B-4205-A72F-272017308A78}.Release|Mixed Platforms.ActiveCfg = Release|Win32
		{FB82AC4B-D54B-4205-A72F-272017308A78}.Release|Mixed Platforms.Build.0 = Release|Win32
		{FB82AC4B-D54B-4205-A72F-272017308A78}.Release|Win32.ActiveCfg = Release|Win32
		{FB82AC4B-D54B-4205-A72F-272017308A78}.Release|Win32.Build.0 = Release|Win32
		{FB82AC4B-D54B-4205-A72F-272017308A78}.Release|x86.ActiveCfg = Release|Win32
		{063E3991-E994-437D-AD16-597A02A17788}.Debug|Any CPU.ActiveCfg = Debug|Any CPU
		{063E3991-E994-437D-AD16-597A02A17788}.Debug|Any CPU.Build.0 = Debug|Any CPU
		{063E3991-E994-437D-AD16-597A02A17788}.Debug|Mixed Platforms.ActiveCfg = Debug|Any CPU
		{063E3991-E994-437D-AD16-597A02A17788}.Debug|Mixed Platforms.Build.0 = Debug|Any CPU
		{063E3991-E994-437D-AD16-597A02A17788}.Debug|Win32.ActiveCfg = Debug|Any CPU
		{063E3991-E994-437D-AD16-597A02A17788}.Debug|x86.ActiveCfg = Debug|Any CPU
		{063E3991-E994-437D-AD16-597A02A17788}.Release|Any CPU.ActiveCfg = Release|Any CPU
		{063E3991-E994-437D-AD16-597A02A17788}.Release|Any CPU.Build.0 = Release|Any CPU
		{063E3991-E994-437D-AD16-597A02A17788}.Release|Mixed Platforms.ActiveCfg = Release|Any CPU
		{063E3991-E994-437D-AD16-597A02A17788}.Release|Mixed Platforms.Build.0 = Release|Any CPU
		{063E3991-E994-437D-AD16-597A02A17788}.Release|Win32.ActiveCfg = Release|Any CPU
		{063E3991-E994-437D-AD16-597A02A17788}.Release|x86.ActiveCfg = Release|Any CPU
		{BE09CBD9-DB40-4B36-817B-BC6C8CFE3B12}.Debug|Any CPU.ActiveCfg = Debug|x86
		{BE09CBD9-DB40-4B36-817B-BC6C8CFE3B12}.Debug|Mixed Platforms.ActiveCfg = Debug|x86
		{BE09CBD9-DB40-4B36-817B-BC6C8CFE3B12}.Debug|Mixed Platforms.Build.0 = Debug|x86
		{BE09CBD9-DB40-4B36-817B-BC6C8CFE3B12}.Debug|Win32.ActiveCfg = Debug|x86
		{BE09CBD9-DB40-4B36-817B-BC6C8CFE3B12}.Debug|x86.ActiveCfg = Debug|x86
		{BE09CBD9-DB40-4B36-817B-BC6C8CFE3B12}.Debug|x86.Build.0 = Debug|x86
		{BE09CBD9-DB40-4B36-817B-BC6C8CFE3B12}.Release|Any CPU.ActiveCfg = Release|x86
		{BE09CBD9-DB40-4B36-817B-BC6C8CFE3B12}.Release|Mixed Platforms.ActiveCfg = Release|x86
		{BE09CBD9-DB40-4B36-817B-BC6C8CFE3B12}.Release|Mixed Platforms.Build.0 = Release|x86
		{BE09CBD9-DB40-4B36-817B-BC6C8CFE3B12}.Release|Win32.ActiveCfg = Release|x86
		{BE09CBD9-DB40-4B36-817B-BC6C8CFE3B12}.Release|x86.ActiveCfg = Release|x86
		{BE09CBD9-DB40-4B36-817B-BC6C8CFE3B12}.Release|x86.Build.0 = Release|x86
		{4664416F-E74C-467A-A175-F9DB5FA82302}.Debug|Any CPU.ActiveCfg = Debug|Any CPU
		{4664416F-E74C-467A-A175-F9DB5FA82302}.Debug|Any CPU.Build.0 = Debug|Any CPU
		{4664416F-E74C-467A-A175-F9DB5FA82302}.Debug|Mixed Platforms.ActiveCfg = Debug|Any CPU
		{4664416F-E74C-467A-A175-F9DB5FA82302}.Debug|Mixed Platforms.Build.0 = Debug|Any CPU
		{4664416F-E74C-467A-A175-F9DB5FA82302}.Debug|Win32.ActiveCfg = Debug|Any CPU
		{4664416F-E74C-467A-A175-F9DB5FA82302}.Debug|x86.ActiveCfg = Debug|Any CPU
		{4664416F-E74C-467A-A175-F9DB5FA82302}.Release|Any CPU.ActiveCfg = Release|Any CPU
		{4664416F-E74C-467A-A175-F9DB5FA82302}.Release|Any CPU.Build.0 = Release|Any CPU
		{4664416F-E74C-467A-A175-F9DB5FA82302}.Release|Mixed Platforms.ActiveCfg = Release|Any CPU
		{4664416F-E74C-467A-A175-F9DB5FA82302}.Release|Mixed Platforms.Build.0 = Release|Any CPU
		{4664416F-E74C-467A-A175-F9DB5FA82302}.Release|Win32.ActiveCfg = Release|Any CPU
		{4664416F-E74C-467A-A175-F9DB5FA82302}.Release|x86.ActiveCfg = Release|Any CPU
		{64D458D9-AB28-4BB1-B12C-93F19976E52E}.Debug|Any CPU.ActiveCfg = Debug|Any CPU
		{64D458D9-AB28-4BB1-B12C-93F19976E52E}.Debug|Any CPU.Build.0 = Debug|Any CPU
		{64D458D9-AB28-4BB1-B12C-93F19976E52E}.Debug|Mixed Platforms.ActiveCfg = Debug|Any CPU
		{64D458D9-AB28-4BB1-B12C-93F19976E52E}.Debug|Mixed Platforms.Build.0 = Debug|Any CPU
		{64D458D9-AB28-4BB1-B12C-93F19976E52E}.Debug|Win32.ActiveCfg = Debug|Any CPU
		{64D458D9-AB28-4BB1-B12C-93F19976E52E}.Debug|x86.ActiveCfg = Debug|Any CPU
		{64D458D9-AB28-4BB1-B12C-93F19976E52E}.Release|Any CPU.ActiveCfg = Release|Any CPU
		{64D458D9-AB28-4BB1-B12C-93F19976E52E}.Release|Any CPU.Build.0 = Release|Any CPU
		{64D458D9-AB28-4BB1-B12C-93F19976E52E}.Release|Mixed Platforms.ActiveCfg = Release|Any CPU
		{64D458D9-AB28-4BB1-B12C-93F19976E52E}.Release|Mixed Platforms.Build.0 = Release|Any CPU
		{64D458D9-AB28-4BB1-B12C-93F19976E52E}.Release|Win32.ActiveCfg = Release|Any CPU
		{64D458D9-AB28-4BB1-B12C-93F19976E52E}.Release|x86.ActiveCfg = Release|Any CPU
	EndGlobalSection
	GlobalSection(SolutionProperties) = preSolution
		HideSolutionNode = FALSE
	EndGlobalSection
	GlobalSection(NestedProjects) = preSolution
		{098059F9-1AD7-4F51-B667-D3EF90A51263} = {485CF78D-BF06-4DFC-9D81-1ED56C99E748}
		{4B7A1111-DDA4-4367-A575-01BD8D02C2D4} = {485CF78D-BF06-4DFC-9D81-1ED56C99E748}
		{DF9A4370-74D1-45D5-B959-BAF9D0875849} = {43E4EC34-23A2-4A6C-8989-0EAA4996B3FB}
		{063E3991-E994-437D-AD16-597A02A17788} = {927E19F0-0001-4419-9DAA-E2EB666F5846}
		{BE09CBD9-DB40-4B36-817B-BC6C8CFE3B12} = {927E19F0-0001-4419-9DAA-E2EB666F5846}
		{A4895ACE-46CA-4493-84EB-D635CC6D73BF} = {3B6E95F0-6731-4C7C-B6FE-2EA7E623C9B3}
		{FB82AC4B-D54B-4205-A72F-272017308A78} = {154028C6-0F42-4EC7-A965-7134106982B6}
	EndGlobalSection
EndGlobal
