
Microsoft Visual Studio Solution File, Format Version 11.00
# Visual Studio 2010
Project("{FAE04EC0-301F-11D3-BF4B-00C04F79EFBC}") = "WineMVVM", "WineMVVM\WineMVVM.csproj", "{098059F9-1AD7-4F51-B667-D3EF90A51263}"
EndProject
Project("{FAE04EC0-301F-11D3-BF4B-00C04F79EFBC}") = "ServiceDataLib", "ServiceDataLib\ServiceDataLib.csproj", "{DF9A4370-74D1-45D5-B959-BAF9D0875849}"
EndProject
Project("{2150E333-8FDC-42A3-9474-1A3956D46DE8}") = "Remote Data Resources", "Remote Data Resources", "{927E19F0-0001-4419-9DAA-E2EB666F5846}"
EndProject
Project("{2150E333-8FDC-42A3-9474-1A3956D46DE8}") = "Wine_Client", "Wine_Client", "{485CF78D-BF06-4DFC-9D81-1ED56C99E748}"
EndProject
Project("{2150E333-8FDC-42A3-9474-1A3956D46DE8}") = "Database", "Database", "{43E4EC34-23A2-4A6C-8989-0EAA4996B3FB}"
EndProject
Project("{2150E333-8FDC-42A3-9474-1A3956D46DE8}") = "WineDomainLogic", "WineDomainLogic", "{3B6E95F0-6731-4C7C-B6FE-2EA7E623C9B3}"
EndProject
Project("{FAE04EC0-301F-11D3-BF4B-00C04F79EFBC}") = "WineDataDomain", "WineDataDomain\WineDataDomain.csproj", "{A4895ACE-46CA-4493-84EB-D635CC6D73BF}"
EndProject
Global
	GlobalSection(SolutionConfigurationPlatforms) = preSolution
		Debug|Any CPU = Debug|Any CPU
		Release|Any CPU = Release|Any CPU
	EndGlobalSection
	GlobalSection(ProjectConfigurationPlatforms) = postSolution
		{098059F9-1AD7-4F51-B667-D3EF90A51263}.Debug|Any CPU.ActiveCfg = Debug|Any CPU
		{098059F9-1AD7-4F51-B667-D3EF90A51263}.Debug|Any CPU.Build.0 = Debug|Any CPU
		{098059F9-1AD7-4F51-B667-D3EF90A51263}.Release|Any CPU.ActiveCfg = Release|Any CPU
		{098059F9-1AD7-4F51-B667-D3EF90A51263}.Release|Any CPU.Build.0 = Release|Any CPU
		{DF9A4370-74D1-45D5-B959-BAF9D0875849}.Debug|Any CPU.ActiveCfg = Debug|Any CPU
		{DF9A4370-74D1-45D5-B959-BAF9D0875849}.Debug|Any CPU.Build.0 = Debug|Any CPU
		{DF9A4370-74D1-45D5-B959-BAF9D0875849}.Release|Any CPU.ActiveCfg = Release|Any CPU
		{DF9A4370-74D1-45D5-B959-BAF9D0875849}.Release|Any CPU.Build.0 = Release|Any CPU
		{A4895ACE-46CA-4493-84EB-D635CC6D73BF}.Debug|Any CPU.ActiveCfg = Debug|Any CPU
		{A4895ACE-46CA-4493-84EB-D635CC6D73BF}.Debug|Any CPU.Build.0 = Debug|Any CPU
		{A4895ACE-46CA-4493-84EB-D635CC6D73BF}.Release|Any CPU.ActiveCfg = Release|Any CPU
		{A4895ACE-46CA-4493-84EB-D635CC6D73BF}.Release|Any CPU.Build.0 = Release|Any CPU
	EndGlobalSection
	GlobalSection(SolutionProperties) = preSolution
		HideSolutionNode = FALSE
	EndGlobalSection
	GlobalSection(NestedProjects) = preSolution
		{098059F9-1AD7-4F51-B667-D3EF90A51263} = {485CF78D-BF06-4DFC-9D81-1ED56C99E748}
		{DF9A4370-74D1-45D5-B959-BAF9D0875849} = {43E4EC34-23A2-4A6C-8989-0EAA4996B3FB}
		{A4895ACE-46CA-4493-84EB-D635CC6D73BF} = {3B6E95F0-6731-4C7C-B6FE-2EA7E623C9B3}
	EndGlobalSection
EndGlobal
